
Microsoft Visual Studio Solution File, Format Version 12.00
# Visual Studio 15
VisualStudioVersion = 15.0.27428.2015
MinimumVisualStudioVersion = 10.0.40219.1
Project("{FAE04EC0-301F-11D3-BF4B-00C04F79EFBC}") = "LIA.Data", "LIA.Data\LIA.Data.csproj", "{49E1A749-9FD7-4092-964D-B3FA490E76A9}"
EndProject
Project("{FAE04EC0-301F-11D3-BF4B-00C04F79EFBC}") = "LIA.Admin", "LIA.Admin\LIA.Admin.csproj", "{05C03C25-AFAE-42C8-BB60-B2BD55E6A5D5}"
EndProject
Global
	GlobalSection(SolutionConfigurationPlatforms) = preSolution
		Debug|Any CPU = Debug|Any CPU
		Release|Any CPU = Release|Any CPU
	EndGlobalSection
	GlobalSection(ProjectConfigurationPlatforms) = postSolution
		{49E1A749-9FD7-4092-964D-B3FA490E76A9}.Debug|Any CPU.ActiveCfg = Debug|Any CPU
		{49E1A749-9FD7-4092-964D-B3FA490E76A9}.Debug|Any CPU.Build.0 = Debug|Any CPU
		{49E1A749-9FD7-4092-964D-B3FA490E76A9}.Release|Any CPU.ActiveCfg = Release|Any CPU
		{49E1A749-9FD7-4092-964D-B3FA490E76A9}.Release|Any CPU.Build.0 = Release|Any CPU
		{05C03C25-AFAE-42C8-BB60-B2BD55E6A5D5}.Debug|Any CPU.ActiveCfg = Debug|Any CPU
		{05C03C25-AFAE-42C8-BB60-B2BD55E6A5D5}.Debug|Any CPU.Build.0 = Debug|Any CPU
		{05C03C25-AFAE-42C8-BB60-B2BD55E6A5D5}.Release|Any CPU.ActiveCfg = Release|Any CPU
		{05C03C25-AFAE-42C8-BB60-B2BD55E6A5D5}.Release|Any CPU.Build.0 = Release|Any CPU
	EndGlobalSection
	GlobalSection(SolutionProperties) = preSolution
		HideSolutionNode = FALSE
	EndGlobalSection
	GlobalSection(ExtensibilityGlobals) = postSolution
		SolutionGuid = {6BE22647-8E78-496F-921D-CC52D35124FB}
	EndGlobalSection
EndGlobal
